
Microsoft Visual Studio Solution File, Format Version 12.00
# Visual Studio Version 16
VisualStudioVersion = 16.0.29728.190
MinimumVisualStudioVersion = 10.0.40219.1
Project("{FAE04EC0-301F-11D3-BF4B-00C04F79EFBC}") = "AngularApi", "AngularApi\AngularApi.csproj", "{8CC5AA67-ECCE-43B4-B798-FCE188E6D9BA}"
EndProject
Project("{FAE04EC0-301F-11D3-BF4B-00C04F79EFBC}") = "AngularDB", "AngularDB\AngularDB.csproj", "{84F78E8B-E210-4A37-88E0-A0641DE8D8D6}"
EndProject
Project("{FAE04EC0-301F-11D3-BF4B-00C04F79EFBC}") = "CachingProject", "CachingProject\CachingProject.csproj", "{A815CC5F-9856-4A46-A7AE-6E0BAE554C88}"
EndProject
Global
	GlobalSection(SolutionConfigurationPlatforms) = preSolution
		Debug|Any CPU = Debug|Any CPU
		Release|Any CPU = Release|Any CPU
	EndGlobalSection
	GlobalSection(ProjectConfigurationPlatforms) = postSolution
		{8CC5AA67-ECCE-43B4-B798-FCE188E6D9BA}.Debug|Any CPU.ActiveCfg = Debug|Any CPU
		{8CC5AA67-ECCE-43B4-B798-FCE188E6D9BA}.Debug|Any CPU.Build.0 = Debug|Any CPU
		{8CC5AA67-ECCE-43B4-B798-FCE188E6D9BA}.Release|Any CPU.ActiveCfg = Release|Any CPU
		{8CC5AA67-ECCE-43B4-B798-FCE188E6D9BA}.Release|Any CPU.Build.0 = Release|Any CPU
		{84F78E8B-E210-4A37-88E0-A0641DE8D8D6}.Debug|Any CPU.ActiveCfg = Debug|Any CPU
		{84F78E8B-E210-4A37-88E0-A0641DE8D8D6}.Debug|Any CPU.Build.0 = Debug|Any CPU
		{84F78E8B-E210-4A37-88E0-A0641DE8D8D6}.Release|Any CPU.ActiveCfg = Release|Any CPU
		{84F78E8B-E210-4A37-88E0-A0641DE8D8D6}.Release|Any CPU.Build.0 = Release|Any CPU
		{A815CC5F-9856-4A46-A7AE-6E0BAE554C88}.Debug|Any CPU.ActiveCfg = Debug|Any CPU
		{A815CC5F-9856-4A46-A7AE-6E0BAE554C88}.Debug|Any CPU.Build.0 = Debug|Any CPU
		{A815CC5F-9856-4A46-A7AE-6E0BAE554C88}.Release|Any CPU.ActiveCfg = Release|Any CPU
		{A815CC5F-9856-4A46-A7AE-6E0BAE554C88}.Release|Any CPU.Build.0 = Release|Any CPU
	EndGlobalSection
	GlobalSection(SolutionProperties) = preSolution
		HideSolutionNode = FALSE
	EndGlobalSection
	GlobalSection(ExtensibilityGlobals) = postSolution
		SolutionGuid = {BE60E553-799F-45DC-B36F-0E887140BF9F}
	EndGlobalSection
EndGlobal
